
Microsoft Visual Studio Solution File, Format Version 12.00
# Visual Studio 15
VisualStudioVersion = 15.0.27130.2027
MinimumVisualStudioVersion = 10.0.40219.1
Project("{FAE04EC0-301F-11D3-BF4B-00C04F79EFBC}") = "TpFinalPracticaProfesional", "TpFinalPracticaProfesional\TpFinalPracticaProfesional.csproj", "{F043632B-9C95-4E59-BD44-5A2B33327C6B}"
EndProject
Project("{FAE04EC0-301F-11D3-BF4B-00C04F79EFBC}") = "Conexiones", "Conexiones\Conexiones.csproj", "{2C6DFB57-9D3A-4D43-8448-4C22A2548C95}"
EndProject
Project("{FAE04EC0-301F-11D3-BF4B-00C04F79EFBC}") = "Entidades", "Entidades\Entidades.csproj", "{E55D5209-C144-4D13-BF00-2ECF0E0F5878}"
EndProject
Project("{FAE04EC0-301F-11D3-BF4B-00C04F79EFBC}") = "EntidadesDTO", "EntidadesDTO\EntidadesDTO.csproj", "{783592AE-FC93-464A-9E45-8F884AD03FAE}"
EndProject
Project("{FAE04EC0-301F-11D3-BF4B-00C04F79EFBC}") = "Interfaces", "Interfaces\Interfaces.csproj", "{FED86FCA-873B-44C4-B7D3-15D90EB3065F}"
EndProject
Project("{FAE04EC0-301F-11D3-BF4B-00C04F79EFBC}") = "Repositorios", "Repositorios\Repositorios.csproj", "{25F0F6E2-A381-4A49-BE44-68E62133D587}"
EndProject
Project("{FAE04EC0-301F-11D3-BF4B-00C04F79EFBC}") = "Controladoras", "Controladoras\Controladoras.csproj", "{F1A5398F-F645-44DC-9CD7-87AE6C591BFB}"
EndProject
Global
	GlobalSection(SolutionConfigurationPlatforms) = preSolution
		Debug|Any CPU = Debug|Any CPU
		Debug|ARM = Debug|ARM
		Debug|x64 = Debug|x64
		Debug|x86 = Debug|x86
		Release|Any CPU = Release|Any CPU
		Release|ARM = Release|ARM
		Release|x64 = Release|x64
		Release|x86 = Release|x86
	EndGlobalSection
	GlobalSection(ProjectConfigurationPlatforms) = postSolution
		{F043632B-9C95-4E59-BD44-5A2B33327C6B}.Debug|Any CPU.ActiveCfg = Debug|Any CPU
		{F043632B-9C95-4E59-BD44-5A2B33327C6B}.Debug|Any CPU.Build.0 = Debug|Any CPU
		{F043632B-9C95-4E59-BD44-5A2B33327C6B}.Debug|ARM.ActiveCfg = Debug|Any CPU
		{F043632B-9C95-4E59-BD44-5A2B33327C6B}.Debug|ARM.Build.0 = Debug|Any CPU
		{F043632B-9C95-4E59-BD44-5A2B33327C6B}.Debug|x64.ActiveCfg = Debug|Any CPU
		{F043632B-9C95-4E59-BD44-5A2B33327C6B}.Debug|x64.Build.0 = Debug|Any CPU
		{F043632B-9C95-4E59-BD44-5A2B33327C6B}.Debug|x86.ActiveCfg = Debug|Any CPU
		{F043632B-9C95-4E59-BD44-5A2B33327C6B}.Debug|x86.Build.0 = Debug|Any CPU
		{F043632B-9C95-4E59-BD44-5A2B33327C6B}.Release|Any CPU.ActiveCfg = Release|Any CPU
		{F043632B-9C95-4E59-BD44-5A2B33327C6B}.Release|Any CPU.Build.0 = Release|Any CPU
		{F043632B-9C95-4E59-BD44-5A2B33327C6B}.Release|ARM.ActiveCfg = Release|Any CPU
		{F043632B-9C95-4E59-BD44-5A2B33327C6B}.Release|ARM.Build.0 = Release|Any CPU
		{F043632B-9C95-4E59-BD44-5A2B33327C6B}.Release|x64.ActiveCfg = Release|Any CPU
		{F043632B-9C95-4E59-BD44-5A2B33327C6B}.Release|x64.Build.0 = Release|Any CPU
		{F043632B-9C95-4E59-BD44-5A2B33327C6B}.Release|x86.ActiveCfg = Release|Any CPU
		{F043632B-9C95-4E59-BD44-5A2B33327C6B}.Release|x86.Build.0 = Release|Any CPU
		{2C6DFB57-9D3A-4D43-8448-4C22A2548C95}.Debug|Any CPU.ActiveCfg = Debug|Any CPU
		{2C6DFB57-9D3A-4D43-8448-4C22A2548C95}.Debug|Any CPU.Build.0 = Debug|Any CPU
		{2C6DFB57-9D3A-4D43-8448-4C22A2548C95}.Debug|ARM.ActiveCfg = Debug|Any CPU
		{2C6DFB57-9D3A-4D43-8448-4C22A2548C95}.Debug|ARM.Build.0 = Debug|Any CPU
		{2C6DFB57-9D3A-4D43-8448-4C22A2548C95}.Debug|x64.ActiveCfg = Debug|Any CPU
		{2C6DFB57-9D3A-4D43-8448-4C22A2548C95}.Debug|x64.Build.0 = Debug|Any CPU
		{2C6DFB57-9D3A-4D43-8448-4C22A2548C95}.Debug|x86.ActiveCfg = Debug|Any CPU
		{2C6DFB57-9D3A-4D43-8448-4C22A2548C95}.Debug|x86.Build.0 = Debug|Any CPU
		{2C6DFB57-9D3A-4D43-8448-4C22A2548C95}.Release|Any CPU.ActiveCfg = Release|Any CPU
		{2C6DFB57-9D3A-4D43-8448-4C22A2548C95}.Release|Any CPU.Build.0 = Release|Any CPU
		{2C6DFB57-9D3A-4D43-8448-4C22A2548C95}.Release|ARM.ActiveCfg = Release|Any CPU
		{2C6DFB57-9D3A-4D43-8448-4C22A2548C95}.Release|ARM.Build.0 = Release|Any CPU
		{2C6DFB57-9D3A-4D43-8448-4C22A2548C95}.Release|x64.ActiveCfg = Release|Any CPU
		{2C6DFB57-9D3A-4D43-8448-4C22A2548C95}.Release|x64.Build.0 = Release|Any CPU
		{2C6DFB57-9D3A-4D43-8448-4C22A2548C95}.Release|x86.ActiveCfg = Release|Any CPU
		{2C6DFB57-9D3A-4D43-8448-4C22A2548C95}.Release|x86.Build.0 = Release|Any CPU
		{E55D5209-C144-4D13-BF00-2ECF0E0F5878}.Debug|Any CPU.ActiveCfg = Debug|Any CPU
		{E55D5209-C144-4D13-BF00-2ECF0E0F5878}.Debug|Any CPU.Build.0 = Debug|Any CPU
		{E55D5209-C144-4D13-BF00-2ECF0E0F5878}.Debug|ARM.ActiveCfg = Debug|Any CPU
		{E55D5209-C144-4D13-BF00-2ECF0E0F5878}.Debug|ARM.Build.0 = Debug|Any CPU
		{E55D5209-C144-4D13-BF00-2ECF0E0F5878}.Debug|x64.ActiveCfg = Debug|Any CPU
		{E55D5209-C144-4D13-BF00-2ECF0E0F5878}.Debug|x64.Build.0 = Debug|Any CPU
		{E55D5209-C144-4D13-BF00-2ECF0E0F5878}.Debug|x86.ActiveCfg = Debug|Any CPU
		{E55D5209-C144-4D13-BF00-2ECF0E0F5878}.Debug|x86.Build.0 = Debug|Any CPU
		{E55D5209-C144-4D13-BF00-2ECF0E0F5878}.Release|Any CPU.ActiveCfg = Release|Any CPU
		{E55D5209-C144-4D13-BF00-2ECF0E0F5878}.Release|Any CPU.Build.0 = Release|Any CPU
		{E55D5209-C144-4D13-BF00-2ECF0E0F5878}.Release|ARM.ActiveCfg = Release|Any CPU
		{E55D5209-C144-4D13-BF00-2ECF0E0F5878}.Release|ARM.Build.0 = Release|Any CPU
		{E55D5209-C144-4D13-BF00-2ECF0E0F5878}.Release|x64.ActiveCfg = Release|Any CPU
		{E55D5209-C144-4D13-BF00-2ECF0E0F5878}.Release|x64.Build.0 = Release|Any CPU
		{E55D5209-C144-4D13-BF00-2ECF0E0F5878}.Release|x86.ActiveCfg = Release|Any CPU
		{E55D5209-C144-4D13-BF00-2ECF0E0F5878}.Release|x86.Build.0 = Release|Any CPU
		{783592AE-FC93-464A-9E45-8F884AD03FAE}.Debug|Any CPU.ActiveCfg = Debug|Any CPU
		{783592AE-FC93-464A-9E45-8F884AD03FAE}.Debug|Any CPU.Build.0 = Debug|Any CPU
		{783592AE-FC93-464A-9E45-8F884AD03FAE}.Debug|ARM.ActiveCfg = Debug|Any CPU
		{783592AE-FC93-464A-9E45-8F884AD03FAE}.Debug|ARM.Build.0 = Debug|Any CPU
		{783592AE-FC93-464A-9E45-8F884AD03FAE}.Debug|x64.ActiveCfg = Debug|Any CPU
		{783592AE-FC93-464A-9E45-8F884AD03FAE}.Debug|x64.Build.0 = Debug|Any CPU
		{783592AE-FC93-464A-9E45-8F884AD03FAE}.Debug|x86.ActiveCfg = Debug|Any CPU
		{783592AE-FC93-464A-9E45-8F884AD03FAE}.Debug|x86.Build.0 = Debug|Any CPU
		{783592AE-FC93-464A-9E45-8F884AD03FAE}.Release|Any CPU.ActiveCfg = Release|Any CPU
		{783592AE-FC93-464A-9E45-8F884AD03FAE}.Release|Any CPU.Build.0 = Release|Any CPU
		{783592AE-FC93-464A-9E45-8F884AD03FAE}.Release|ARM.ActiveCfg = Release|Any CPU
		{783592AE-FC93-464A-9E45-8F884AD03FAE}.Release|ARM.Build.0 = Release|Any CPU
		{783592AE-FC93-464A-9E45-8F884AD03FAE}.Release|x64.ActiveCfg = Release|Any CPU
		{783592AE-FC93-464A-9E45-8F884AD03FAE}.Release|x64.Build.0 = Release|Any CPU
		{783592AE-FC93-464A-9E45-8F884AD03FAE}.Release|x86.ActiveCfg = Release|Any CPU
		{783592AE-FC93-464A-9E45-8F884AD03FAE}.Release|x86.Build.0 = Release|Any CPU
		{FED86FCA-873B-44C4-B7D3-15D90EB3065F}.Debug|Any CPU.ActiveCfg = Debug|Any CPU
		{FED86FCA-873B-44C4-B7D3-15D90EB3065F}.Debug|Any CPU.Build.0 = Debug|Any CPU
		{FED86FCA-873B-44C4-B7D3-15D90EB3065F}.Debug|ARM.ActiveCfg = Debug|Any CPU
		{FED86FCA-873B-44C4-B7D3-15D90EB3065F}.Debug|ARM.Build.0 = Debug|Any CPU
		{FED86FCA-873B-44C4-B7D3-15D90EB3065F}.Debug|x64.ActiveCfg = Debug|Any CPU
		{FED86FCA-873B-44C4-B7D3-15D90EB3065F}.Debug|x64.Build.0 = Debug|Any CPU
		{FED86FCA-873B-44C4-B7D3-15D90EB3065F}.Debug|x86.ActiveCfg = Debug|Any CPU
		{FED86FCA-873B-44C4-B7D3-15D90EB3065F}.Debug|x86.Build.0 = Debug|Any CPU
		{FED86FCA-873B-44C4-B7D3-15D90EB3065F}.Release|Any CPU.ActiveCfg = Release|Any CPU
		{FED86FCA-873B-44C4-B7D3-15D90EB3065F}.Release|Any CPU.Build.0 = Release|Any CPU
		{FED86FCA-873B-44C4-B7D3-15D90EB3065F}.Release|ARM.ActiveCfg = Release|Any CPU
		{FED86FCA-873B-44C4-B7D3-15D90EB3065F}.Release|ARM.Build.0 = Release|Any CPU
		{FED86FCA-873B-44C4-B7D3-15D90EB3065F}.Release|x64.ActiveCfg = Release|Any CPU
		{FED86FCA-873B-44C4-B7D3-15D90EB3065F}.Release|x64.Build.0 = Release|Any CPU
		{FED86FCA-873B-44C4-B7D3-15D90EB3065F}.Release|x86.ActiveCfg = Release|Any CPU
		{FED86FCA-873B-44C4-B7D3-15D90EB3065F}.Release|x86.Build.0 = Release|Any CPU
		{25F0F6E2-A381-4A49-BE44-68E62133D587}.Debug|Any CPU.ActiveCfg = Debug|Any CPU
		{25F0F6E2-A381-4A49-BE44-68E62133D587}.Debug|Any CPU.Build.0 = Debug|Any CPU
		{25F0F6E2-A381-4A49-BE44-68E62133D587}.Debug|ARM.ActiveCfg = Debug|Any CPU
		{25F0F6E2-A381-4A49-BE44-68E62133D587}.Debug|ARM.Build.0 = Debug|Any CPU
		{25F0F6E2-A381-4A49-BE44-68E62133D587}.Debug|x64.ActiveCfg = Debug|Any CPU
		{25F0F6E2-A381-4A49-BE44-68E62133D587}.Debug|x64.Build.0 = Debug|Any CPU
		{25F0F6E2-A381-4A49-BE44-68E62133D587}.Debug|x86.ActiveCfg = Debug|Any CPU
		{25F0F6E2-A381-4A49-BE44-68E62133D587}.Debug|x86.Build.0 = Debug|Any CPU
		{25F0F6E2-A381-4A49-BE44-68E62133D587}.Release|Any CPU.ActiveCfg = Release|Any CPU
		{25F0F6E2-A381-4A49-BE44-68E62133D587}.Release|Any CPU.Build.0 = Release|Any CPU
		{25F0F6E2-A381-4A49-BE44-68E62133D587}.Release|ARM.ActiveCfg = Release|Any CPU
		{25F0F6E2-A381-4A49-BE44-68E62133D587}.Release|ARM.Build.0 = Release|Any CPU
		{25F0F6E2-A381-4A49-BE44-68E62133D587}.Release|x64.ActiveCfg = Release|Any CPU
		{25F0F6E2-A381-4A49-BE44-68E62133D587}.Release|x64.Build.0 = Release|Any CPU
		{25F0F6E2-A381-4A49-BE44-68E62133D587}.Release|x86.ActiveCfg = Release|Any CPU
		{25F0F6E2-A381-4A49-BE44-68E62133D587}.Release|x86.Build.0 = Release|Any CPU
		{F1A5398F-F645-44DC-9CD7-87AE6C591BFB}.Debug|Any CPU.ActiveCfg = Debug|Any CPU
		{F1A5398F-F645-44DC-9CD7-87AE6C591BFB}.Debug|Any CPU.Build.0 = Debug|Any CPU
		{F1A5398F-F645-44DC-9CD7-87AE6C591BFB}.Debug|ARM.ActiveCfg = Debug|Any CPU
		{F1A5398F-F645-44DC-9CD7-87AE6C591BFB}.Debug|ARM.Build.0 = Debug|Any CPU
		{F1A5398F-F645-44DC-9CD7-87AE6C591BFB}.Debug|x64.ActiveCfg = Debug|Any CPU
		{F1A5398F-F645-44DC-9CD7-87AE6C591BFB}.Debug|x64.Build.0 = Debug|Any CPU
		{F1A5398F-F645-44DC-9CD7-87AE6C591BFB}.Debug|x86.ActiveCfg = Debug|Any CPU
		{F1A5398F-F645-44DC-9CD7-87AE6C591BFB}.Debug|x86.Build.0 = Debug|Any CPU
		{F1A5398F-F645-44DC-9CD7-87AE6C591BFB}.Release|Any CPU.ActiveCfg = Release|Any CPU
		{F1A5398F-F645-44DC-9CD7-87AE6C591BFB}.Release|Any CPU.Build.0 = Release|Any CPU
		{F1A5398F-F645-44DC-9CD7-87AE6C591BFB}.Release|ARM.ActiveCfg = Release|Any CPU
		{F1A5398F-F645-44DC-9CD7-87AE6C591BFB}.Release|ARM.Build.0 = Release|Any CPU
		{F1A5398F-F645-44DC-9CD7-87AE6C591BFB}.Release|x64.ActiveCfg = Release|Any CPU
		{F1A5398F-F645-44DC-9CD7-87AE6C591BFB}.Release|x64.Build.0 = Release|Any CPU
		{F1A5398F-F645-44DC-9CD7-87AE6C591BFB}.Release|x86.ActiveCfg = Release|Any CPU
		{F1A5398F-F645-44DC-9CD7-87AE6C591BFB}.Release|x86.Build.0 = Release|Any CPU
	EndGlobalSection
	GlobalSection(SolutionProperties) = preSolution
		HideSolutionNode = FALSE
	EndGlobalSection
	GlobalSection(ExtensibilityGlobals) = postSolution
		SolutionGuid = {0B71EA53-AE47-4AE4-8128-3CD95A7EB1B2}
	EndGlobalSection
EndGlobal
